
Microsoft Visual Studio Solution File, Format Version 12.00
# Visual Studio Version 16
VisualStudioVersion = 16.0.30907.101
MinimumVisualStudioVersion = 10.0.40219.1
Project("{FAE04EC0-301F-11D3-BF4B-00C04F79EFBC}") = "RedisSearchApp", "RedisSearchApp\RedisSearchApp.csproj", "{2F53CF91-5771-4675-89DE-6419959E0CDF}"
EndProject
Global
	GlobalSection(SolutionConfigurationPlatforms) = preSolution
		Debug|Any CPU = Debug|Any CPU
		Release|Any CPU = Release|Any CPU
	EndGlobalSection
	GlobalSection(ProjectConfigurationPlatforms) = postSolution
		{2F53CF91-5771-4675-89DE-6419959E0CDF}.Debug|Any CPU.ActiveCfg = Debug|Any CPU
		{2F53CF91-5771-4675-89DE-6419959E0CDF}.Debug|Any CPU.Build.0 = Debug|Any CPU
		{2F53CF91-5771-4675-89DE-6419959E0CDF}.Release|Any CPU.ActiveCfg = Release|Any CPU
		{2F53CF91-5771-4675-89DE-6419959E0CDF}.Release|Any CPU.Build.0 = Release|Any CPU
	EndGlobalSection
	GlobalSection(SolutionProperties) = preSolution
		HideSolutionNode = FALSE
	EndGlobalSection
	GlobalSection(ExtensibilityGlobals) = postSolution
		SolutionGuid = {EA0AFAE5-39E8-4F87-A35A-0F8088B1E768}
	EndGlobalSection
EndGlobal
